
Microsoft Visual Studio Solution File, Format Version 12.00
# Visual Studio Version 17
VisualStudioVersion = 17.5.002.0
MinimumVisualStudioVersion = 10.0.40219.1
Global
	GlobalSection(SolutionConfigurationPlatforms) = preSolution
		Debug|Any CPU = Debug|Any CPU
		Release|Any CPU = Release|Any CPU
	EndGlobalSection
	GlobalSection(ProjectConfigurationPlatforms) = postSolution
		{48D53AA1-C1FC-40F3-BDFC-EA1DBDC12369}.Debug|Any CPU.ActiveCfg = Debug|Any CPU
		{48D53AA1-C1FC-40F3-BDFC-EA1DBDC12369}.Debug|Any CPU.Build.0 = Debug|Any CPU
		{48D53AA1-C1FC-40F3-BDFC-EA1DBDC12369}.Release|Any CPU.ActiveCfg = Release|Any CPU
		{48D53AA1-C1FC-40F3-BDFC-EA1DBDC12369}.Release|Any CPU.Build.0 = Release|Any CPU
	EndGlobalSection
	GlobalSection(SolutionProperties) = preSolution
		HideSolutionNode = FALSE
	EndGlobalSection
	GlobalSection(ExtensibilityGlobals) = postSolution
		SolutionGuid = {020AEE7A-6614-4F85-95C5-B6E9F30A383F}
	EndGlobalSection
EndGlobal
